
Microsoft Visual Studio Solution File, Format Version 12.00
# Visual Studio 2013
VisualStudioVersion = 12.0.21005.1
MinimumVisualStudioVersion = 10.0.40219.1
Project("{FAE04EC0-301F-11D3-BF4B-00C04F79EFBC}") = "SPDemo.OAuth", "SPDemo.OAuth\SPDemo.OAuth.csproj", "{4C7417FC-99F0-4A04-8D5F-E67CE24863E8}"
EndProject
Project("{FAE04EC0-301F-11D3-BF4B-00C04F79EFBC}") = "SPDemo.OAuthWeb", "SPDemo.OAuthWeb\SPDemo.OAuthWeb.csproj", "{5F9D5E69-6844-40AF-9E7F-60F01F755B3E}"
EndProject
Global
	GlobalSection(SolutionConfigurationPlatforms) = preSolution
		Debug|Any CPU = Debug|Any CPU
		Release|Any CPU = Release|Any CPU
	EndGlobalSection
	GlobalSection(ProjectConfigurationPlatforms) = postSolution
		{4C7417FC-99F0-4A04-8D5F-E67CE24863E8}.Debug|Any CPU.ActiveCfg = Debug|Any CPU
		{4C7417FC-99F0-4A04-8D5F-E67CE24863E8}.Debug|Any CPU.Build.0 = Debug|Any CPU
		{4C7417FC-99F0-4A04-8D5F-E67CE24863E8}.Debug|Any CPU.Deploy.0 = Debug|Any CPU
		{4C7417FC-99F0-4A04-8D5F-E67CE24863E8}.Release|Any CPU.ActiveCfg = Release|Any CPU
		{4C7417FC-99F0-4A04-8D5F-E67CE24863E8}.Release|Any CPU.Build.0 = Release|Any CPU
		{4C7417FC-99F0-4A04-8D5F-E67CE24863E8}.Release|Any CPU.Deploy.0 = Release|Any CPU
		{5F9D5E69-6844-40AF-9E7F-60F01F755B3E}.Debug|Any CPU.ActiveCfg = Debug|Any CPU
		{5F9D5E69-6844-40AF-9E7F-60F01F755B3E}.Debug|Any CPU.Build.0 = Debug|Any CPU
		{5F9D5E69-6844-40AF-9E7F-60F01F755B3E}.Release|Any CPU.ActiveCfg = Release|Any CPU
		{5F9D5E69-6844-40AF-9E7F-60F01F755B3E}.Release|Any CPU.Build.0 = Release|Any CPU
	EndGlobalSection
	GlobalSection(SolutionProperties) = preSolution
		HideSolutionNode = FALSE
	EndGlobalSection
EndGlobal
